
Microsoft Visual Studio Solution File, Format Version 12.00
# Visual Studio 15
VisualStudioVersion = 15.0.27703.2026
MinimumVisualStudioVersion = 10.0.40219.1
Project("{FAE04EC0-301F-11D3-BF4B-00C04F79EFBC}") = "VideoWorkDemo", "VideoWorkDemo\VideoWorkDemo.csproj", "{FA1BD2DA-0B2D-432A-A447-52CE93313E7D}"
EndProject
Global
	GlobalSection(SolutionConfigurationPlatforms) = preSolution
		Debug|Any CPU = Debug|Any CPU
		Release|Any CPU = Release|Any CPU
	EndGlobalSection
	GlobalSection(ProjectConfigurationPlatforms) = postSolution
		{FA1BD2DA-0B2D-432A-A447-52CE93313E7D}.Debug|Any CPU.ActiveCfg = Debug|Any CPU
		{FA1BD2DA-0B2D-432A-A447-52CE93313E7D}.Debug|Any CPU.Build.0 = Debug|Any CPU
		{FA1BD2DA-0B2D-432A-A447-52CE93313E7D}.Release|Any CPU.ActiveCfg = Release|Any CPU
		{FA1BD2DA-0B2D-432A-A447-52CE93313E7D}.Release|Any CPU.Build.0 = Release|Any CPU
	EndGlobalSection
	GlobalSection(SolutionProperties) = preSolution
		HideSolutionNode = FALSE
	EndGlobalSection
	GlobalSection(ExtensibilityGlobals) = postSolution
		SolutionGuid = {F21101CB-444C-45BE-A20F-F0CF64875217}
	EndGlobalSection
EndGlobal
